{
  "requires": true,
  "lockfileVersion": 1,
  "dependencies": {
    "@ngxs/logger-plugin": {
      "version": "3.1.4-dev.master-b50211a",
      "resolved": "https://registry.npmjs.org/@ngxs/logger-plugin/-/logger-plugin-3.1.4-dev.master-b50211a.tgz",
      "integrity": "sha1-p55Zq8Y5PaSGnRB5voJi9GrrpKg=",
      "requires": {
        "tslib": "^1.9.0"
      }
    },
    "tslib": {
      "version": "1.9.3",
      "resolved": "https://registry.npmjs.org/tslib/-/tslib-1.9.3.tgz",
      "integrity": "sha512-4krF8scpejhaOgqzBEcGM7yDIEfi0/8+8zDRZhNZZ2kjmHJ4hv3zCbQWxoJGz1iw5U0Jl0nma13xzHXcncMavQ=="
    }
  }
}
